
Microsoft Visual Studio Solution File, Format Version 12.00
# Visual Studio Version 16
VisualStudioVersion = 16.0.32510.428
MinimumVisualStudioVersion = 10.0.40219.1
Project("{FAE04EC0-301F-11D3-BF4B-00C04F79EFBC}") = "ExerciciosLeetCode", "ExerciciosLeetCode.csproj", "{CF89949D-6087-4E53-A9F1-9B6B34AC8839}"
EndProject
Project("{FAE04EC0-301F-11D3-BF4B-00C04F79EFBC}") = "TestesExerciciosLeetCode", "..\TestesExerciciosLeetCode\TestesExerciciosLeetCode.csproj", "{C0A81F9A-6748-4157-A31F-4CBC2F25CC88}"
EndProject
Global
	GlobalSection(SolutionConfigurationPlatforms) = preSolution
		Debug|Any CPU = Debug|Any CPU
		Release|Any CPU = Release|Any CPU
	EndGlobalSection
	GlobalSection(ProjectConfigurationPlatforms) = postSolution
		{CF89949D-6087-4E53-A9F1-9B6B34AC8839}.Debug|Any CPU.ActiveCfg = Debug|Any CPU
		{CF89949D-6087-4E53-A9F1-9B6B34AC8839}.Debug|Any CPU.Build.0 = Debug|Any CPU
		{CF89949D-6087-4E53-A9F1-9B6B34AC8839}.Release|Any CPU.ActiveCfg = Release|Any CPU
		{CF89949D-6087-4E53-A9F1-9B6B34AC8839}.Release|Any CPU.Build.0 = Release|Any CPU
		{C0A81F9A-6748-4157-A31F-4CBC2F25CC88}.Debug|Any CPU.ActiveCfg = Debug|Any CPU
		{C0A81F9A-6748-4157-A31F-4CBC2F25CC88}.Debug|Any CPU.Build.0 = Debug|Any CPU
		{C0A81F9A-6748-4157-A31F-4CBC2F25CC88}.Release|Any CPU.ActiveCfg = Release|Any CPU
		{C0A81F9A-6748-4157-A31F-4CBC2F25CC88}.Release|Any CPU.Build.0 = Release|Any CPU
	EndGlobalSection
	GlobalSection(SolutionProperties) = preSolution
		HideSolutionNode = FALSE
	EndGlobalSection
	GlobalSection(ExtensibilityGlobals) = postSolution
		SolutionGuid = {66798E32-873D-46B2-A03E-987E9B85F2DD}
	EndGlobalSection
EndGlobal
